
Microsoft Visual Studio Solution File, Format Version 12.00
# Visual Studio 15
VisualStudioVersion = 15.0.27309.0
MinimumVisualStudioVersion = 10.0.40219.1
Project("{9A19103F-16F7-4668-BE54-9A1E7A4F7556}") = "Webbr", "Webbr.csproj", "{62AFAE04-CE51-4105-BD96-038345B1D25A}"
EndProject
Global
	GlobalSection(SolutionConfigurationPlatforms) = preSolution
		Debug|Any CPU = Debug|Any CPU
		Release|Any CPU = Release|Any CPU
	EndGlobalSection
	GlobalSection(ProjectConfigurationPlatforms) = postSolution
		{62AFAE04-CE51-4105-BD96-038345B1D25A}.Debug|Any CPU.ActiveCfg = Debug|Any CPU
		{62AFAE04-CE51-4105-BD96-038345B1D25A}.Debug|Any CPU.Build.0 = Debug|Any CPU
		{62AFAE04-CE51-4105-BD96-038345B1D25A}.Release|Any CPU.ActiveCfg = Release|Any CPU
		{62AFAE04-CE51-4105-BD96-038345B1D25A}.Release|Any CPU.Build.0 = Release|Any CPU
	EndGlobalSection
	GlobalSection(SolutionProperties) = preSolution
		HideSolutionNode = FALSE
	EndGlobalSection
	GlobalSection(ExtensibilityGlobals) = postSolution
		SolutionGuid = {B543B1D7-B318-4DD5-9923-14640D589CC5}
	EndGlobalSection
EndGlobal
